
Microsoft Visual Studio Solution File, Format Version 12.00
# Visual Studio Version 17
VisualStudioVersion = 17.14.36203.30 d17.14
MinimumVisualStudioVersion = 10.0.40219.1
Project("{FAE04EC0-301F-11D3-BF4B-00C04F79EFBC}") = "Vyzor_Blazor", "Vyzor_Blazor.csproj", "{3EDFE94B-6D9A-4632-B896-CA69D04D9B17}"
EndProject
Global
	GlobalSection(SolutionConfigurationPlatforms) = preSolution
		Debug|Any CPU = Debug|Any CPU
		Release|Any CPU = Release|Any CPU
	EndGlobalSection
	GlobalSection(ProjectConfigurationPlatforms) = postSolution
		{3EDFE94B-6D9A-4632-B896-CA69D04D9B17}.Debug|Any CPU.ActiveCfg = Debug|Any CPU
		{3EDFE94B-6D9A-4632-B896-CA69D04D9B17}.Debug|Any CPU.Build.0 = Debug|Any CPU
		{3EDFE94B-6D9A-4632-B896-CA69D04D9B17}.Release|Any CPU.ActiveCfg = Release|Any CPU
		{3EDFE94B-6D9A-4632-B896-CA69D04D9B17}.Release|Any CPU.Build.0 = Release|Any CPU
	EndGlobalSection
	GlobalSection(SolutionProperties) = preSolution
		HideSolutionNode = FALSE
	EndGlobalSection
	GlobalSection(ExtensibilityGlobals) = postSolution
		SolutionGuid = {2B44950E-3091-449C-B4B0-DB00A90FBC38}
	EndGlobalSection
EndGlobal
